<?xml version="1.0" encoding="utf-8"?>
<Project ToolsVersion="4.0" xmlns="http://schemas.microsoft.com/developer/msbuild/2003">
  <ItemGroup>
    <Filter Include="Header Files">
      <UniqueIdentifier>{EC0D1506-2018-1700-4865-6C6D72696368}</UniqueIdentifier>
      <Extensions>h;hpp</Extensions>
    </Filter>
    <Filter Include="Source Files">
      <UniqueIdentifier>{EC0D1507-2018-1700-4865-6C6D72696368}</UniqueIdentifier>
      <Extensions>cpp;c;asm;asmx</Extensions>
    </Filter>
    <Filter Include="Resource Files">
      <UniqueIdentifier>{EC0D1508-2018-1700-4865-6C6D72696368}</UniqueIdentifier>
      <Extensions>rc;ico</Extensions>
    </Filter>
  </ItemGroup>
  <ItemGroup>
    <ClInclude Include="..\..\include\exhaleDecl.h">
      <Filter>Header Files</Filter>
    </ClInclude>
    <ClInclude Include="..\..\include\version.h">
      <Filter>Header Files</Filter>
    </ClInclude>
    <ClInclude Include="basicMP4Writer.h">
      <Filter>Header Files</Filter>
    </ClInclude>
    <ClInclude Include="basicWavReader.h">
      <Filter>Header Files</Filter>
    </ClInclude>
    <ClInclude Include="exhaleAppPch.h">
      <Filter>Header Files</Filter>
    </ClInclude>
    <ClInclude Include="loudnessEstim.h">
      <Filter>Header Files</Filter>
    </ClInclude>
  </ItemGroup>
  <ItemGroup>
    <ClCompile Include="basicMP4Writer.cpp">
      <Filter>Source Files</Filter>
    </ClCompile>
    <ClCompile Include="basicWavReader.cpp">
      <Filter>Source Files</Filter>
    </ClCompile>
    <ClCompile Include="exhaleApp.cpp">
      <Filter>Source Files</Filter>
    </ClCompile>
    <ClCompile Include="exhaleAppPch.cpp">
      <Filter>Source Files</Filter>
    </ClCompile>
    <ClCompile Include="loudnessEstim.cpp">
      <Filter>Source Files</Filter>
    </ClCompile>
  </ItemGroup>
  <ItemGroup>
    <ResourceCompile Include="exhaleApp.rc">
      <Filter>Resource Files</Filter>
    </ResourceCompile>
  </ItemGroup>
</Project>